
Microsoft Visual Studio Solution File, Format Version 12.00
# Visual Studio Version 17
VisualStudioVersion = 17.0.32014.148
MinimumVisualStudioVersion = 10.0.40219.1
Project("{FAE04EC0-301F-11D3-BF4B-00C04F79EFBC}") = "BinarySearchTree", "BinarySearchTree.csproj", "{0F2EF2EE-ECEB-46CA-9F52-BF13A2B70E3E}"
EndProject
Global
	GlobalSection(SolutionConfigurationPlatforms) = preSolution
		Debug|Any CPU = Debug|Any CPU
		Release|Any CPU = Release|Any CPU
	EndGlobalSection
	GlobalSection(ProjectConfigurationPlatforms) = postSolution
		{0F2EF2EE-ECEB-46CA-9F52-BF13A2B70E3E}.Debug|Any CPU.ActiveCfg = Debug|Any CPU
		{0F2EF2EE-ECEB-46CA-9F52-BF13A2B70E3E}.Debug|Any CPU.Build.0 = Debug|Any CPU
		{0F2EF2EE-ECEB-46CA-9F52-BF13A2B70E3E}.Release|Any CPU.ActiveCfg = Release|Any CPU
		{0F2EF2EE-ECEB-46CA-9F52-BF13A2B70E3E}.Release|Any CPU.Build.0 = Release|Any CPU
	EndGlobalSection
	GlobalSection(SolutionProperties) = preSolution
		HideSolutionNode = FALSE
	EndGlobalSection
	GlobalSection(ExtensibilityGlobals) = postSolution
		SolutionGuid = {E38D902A-BAD3-4EA7-AA0F-BE1DD2DF8F9C}
	EndGlobalSection
EndGlobal
